
Microsoft Visual Studio Solution File, Format Version 12.00
# Visual Studio Version 17
VisualStudioVersion = 17.10.35122.118
MinimumVisualStudioVersion = 10.0.40219.1
Project("{FAE04EC0-301F-11D3-BF4B-00C04F79EFBC}") = "ArmaTuPc2.FE", "ArmaTuPc2.FE\ArmaTuPc2.FE.csproj", "{2CC2AE68-A62C-4DE2-BEA1-070E16E241E7}"
EndProject
Project("{FAE04EC0-301F-11D3-BF4B-00C04F79EFBC}") = "ArmaTuPc.BA", "ArmaTuPc.BA\ArmaTuPc.BA.csproj", "{C33549E2-5A67-45AB-A19F-A9B5CFE0A37A}"
EndProject
Global
	GlobalSection(SolutionConfigurationPlatforms) = preSolution
		Debug|Any CPU = Debug|Any CPU
		Release|Any CPU = Release|Any CPU
	EndGlobalSection
	GlobalSection(ProjectConfigurationPlatforms) = postSolution
		{2CC2AE68-A62C-4DE2-BEA1-070E16E241E7}.Debug|Any CPU.ActiveCfg = Debug|Any CPU
		{2CC2AE68-A62C-4DE2-BEA1-070E16E241E7}.Debug|Any CPU.Build.0 = Debug|Any CPU
		{2CC2AE68-A62C-4DE2-BEA1-070E16E241E7}.Release|Any CPU.ActiveCfg = Release|Any CPU
		{2CC2AE68-A62C-4DE2-BEA1-070E16E241E7}.Release|Any CPU.Build.0 = Release|Any CPU
		{C33549E2-5A67-45AB-A19F-A9B5CFE0A37A}.Debug|Any CPU.ActiveCfg = Debug|Any CPU
		{C33549E2-5A67-45AB-A19F-A9B5CFE0A37A}.Debug|Any CPU.Build.0 = Debug|Any CPU
		{C33549E2-5A67-45AB-A19F-A9B5CFE0A37A}.Release|Any CPU.ActiveCfg = Release|Any CPU
		{C33549E2-5A67-45AB-A19F-A9B5CFE0A37A}.Release|Any CPU.Build.0 = Release|Any CPU
	EndGlobalSection
	GlobalSection(SolutionProperties) = preSolution
		HideSolutionNode = FALSE
	EndGlobalSection
	GlobalSection(ExtensibilityGlobals) = postSolution
		SolutionGuid = {0D1CCCF4-725D-4A23-B167-552A89167AA7}
	EndGlobalSection
EndGlobal
